
Microsoft Visual Studio Solution File, Format Version 12.00
# Visual Studio 15
VisualStudioVersion = 15.0.27703.2018
MinimumVisualStudioVersion = 10.0.40219.1
Project("{FAE04EC0-301F-11D3-BF4B-00C04F79EFBC}") = "UltraReplacer.WinForms", "UltraReplacer.WinForms\UltraReplacer.WinForms.csproj", "{17B74B0A-2464-4E83-ABD1-A0600FEE6913}"
EndProject
Project("{FAE04EC0-301F-11D3-BF4B-00C04F79EFBC}") = "UltraReplacer.Core", "UltraReplacer.Core\UltraReplacer.Core.csproj", "{88F3EC3A-25FC-4D20-8130-53785AAA28B2}"
EndProject
Project("{FAE04EC0-301F-11D3-BF4B-00C04F79EFBC}") = "UltraReplacer.WPF", "UltraReplacer.WPF\UltraReplacer.WPF.csproj", "{19B60535-0A92-4B01-A39F-FE6C52CA4B91}"
EndProject
Project("{FAE04EC0-301F-11D3-BF4B-00C04F79EFBC}") = "UltraReplacer.Logging", "UltraReplacer.Logging\UltraReplacer.Logging.csproj", "{0089ACF0-C967-4B1A-9AC9-4904E2F6278C}"
EndProject
Global
	GlobalSection(SolutionConfigurationPlatforms) = preSolution
		Debug|Any CPU = Debug|Any CPU
		Release|Any CPU = Release|Any CPU
	EndGlobalSection
	GlobalSection(ProjectConfigurationPlatforms) = postSolution
		{17B74B0A-2464-4E83-ABD1-A0600FEE6913}.Debug|Any CPU.ActiveCfg = Debug|Any CPU
		{17B74B0A-2464-4E83-ABD1-A0600FEE6913}.Debug|Any CPU.Build.0 = Debug|Any CPU
		{17B74B0A-2464-4E83-ABD1-A0600FEE6913}.Release|Any CPU.ActiveCfg = Release|Any CPU
		{17B74B0A-2464-4E83-ABD1-A0600FEE6913}.Release|Any CPU.Build.0 = Release|Any CPU
		{88F3EC3A-25FC-4D20-8130-53785AAA28B2}.Debug|Any CPU.ActiveCfg = Debug|Any CPU
		{88F3EC3A-25FC-4D20-8130-53785AAA28B2}.Debug|Any CPU.Build.0 = Debug|Any CPU
		{88F3EC3A-25FC-4D20-8130-53785AAA28B2}.Release|Any CPU.ActiveCfg = Release|Any CPU
		{88F3EC3A-25FC-4D20-8130-53785AAA28B2}.Release|Any CPU.Build.0 = Release|Any CPU
		{19B60535-0A92-4B01-A39F-FE6C52CA4B91}.Debug|Any CPU.ActiveCfg = Debug|Any CPU
		{19B60535-0A92-4B01-A39F-FE6C52CA4B91}.Debug|Any CPU.Build.0 = Debug|Any CPU
		{19B60535-0A92-4B01-A39F-FE6C52CA4B91}.Release|Any CPU.ActiveCfg = Release|Any CPU
		{19B60535-0A92-4B01-A39F-FE6C52CA4B91}.Release|Any CPU.Build.0 = Release|Any CPU
		{0089ACF0-C967-4B1A-9AC9-4904E2F6278C}.Debug|Any CPU.ActiveCfg = Debug|Any CPU
		{0089ACF0-C967-4B1A-9AC9-4904E2F6278C}.Debug|Any CPU.Build.0 = Debug|Any CPU
		{0089ACF0-C967-4B1A-9AC9-4904E2F6278C}.Release|Any CPU.ActiveCfg = Release|Any CPU
		{0089ACF0-C967-4B1A-9AC9-4904E2F6278C}.Release|Any CPU.Build.0 = Release|Any CPU
	EndGlobalSection
	GlobalSection(SolutionProperties) = preSolution
		HideSolutionNode = FALSE
	EndGlobalSection
	GlobalSection(ExtensibilityGlobals) = postSolution
		SolutionGuid = {9FFF42C8-1E5A-4E6D-B851-77DE96859856}
	EndGlobalSection
EndGlobal
